
Microsoft Visual Studio Solution File, Format Version 12.00
# Visual Studio Version 17
VisualStudioVersion = 17.0.32112.339
MinimumVisualStudioVersion = 10.0.40219.1
Project("{9A19103F-16F7-4668-BE54-9A1E7A4F7556}") = "CulDeSacApi", "CulDeSacApi\CulDeSacApi.csproj", "{40EA868B-B1E8-437B-B9E7-44305982323D}"
EndProject
Project("{9A19103F-16F7-4668-BE54-9A1E7A4F7556}") = "CulDeSacApi.Tests.Unit", "CulDeSacApi.Tests.Unit\CulDeSacApi.Tests.Unit.csproj", "{0E8A2011-E928-4E15-956E-BFE44FE73AB4}"
EndProject
Project("{FAE04EC0-301F-11D3-BF4B-00C04F79EFBC}") = "CulDeSacConsole", "CulDeSacConsole\CulDeSacConsole.csproj", "{50C03960-90D3-46A4-85D7-DACC8B23F2C6}"
EndProject
Global
	GlobalSection(SolutionConfigurationPlatforms) = preSolution
		Debug|Any CPU = Debug|Any CPU
		Release|Any CPU = Release|Any CPU
	EndGlobalSection
	GlobalSection(ProjectConfigurationPlatforms) = postSolution
		{40EA868B-B1E8-437B-B9E7-44305982323D}.Debug|Any CPU.ActiveCfg = Debug|Any CPU
		{40EA868B-B1E8-437B-B9E7-44305982323D}.Debug|Any CPU.Build.0 = Debug|Any CPU
		{40EA868B-B1E8-437B-B9E7-44305982323D}.Release|Any CPU.ActiveCfg = Release|Any CPU
		{40EA868B-B1E8-437B-B9E7-44305982323D}.Release|Any CPU.Build.0 = Release|Any CPU
		{0E8A2011-E928-4E15-956E-BFE44FE73AB4}.Debug|Any CPU.ActiveCfg = Debug|Any CPU
		{0E8A2011-E928-4E15-956E-BFE44FE73AB4}.Debug|Any CPU.Build.0 = Debug|Any CPU
		{0E8A2011-E928-4E15-956E-BFE44FE73AB4}.Release|Any CPU.ActiveCfg = Release|Any CPU
		{0E8A2011-E928-4E15-956E-BFE44FE73AB4}.Release|Any CPU.Build.0 = Release|Any CPU
		{50C03960-90D3-46A4-85D7-DACC8B23F2C6}.Debug|Any CPU.ActiveCfg = Debug|Any CPU
		{50C03960-90D3-46A4-85D7-DACC8B23F2C6}.Debug|Any CPU.Build.0 = Debug|Any CPU
		{50C03960-90D3-46A4-85D7-DACC8B23F2C6}.Release|Any CPU.ActiveCfg = Release|Any CPU
		{50C03960-90D3-46A4-85D7-DACC8B23F2C6}.Release|Any CPU.Build.0 = Release|Any CPU
	EndGlobalSection
	GlobalSection(SolutionProperties) = preSolution
		HideSolutionNode = FALSE
	EndGlobalSection
	GlobalSection(ExtensibilityGlobals) = postSolution
		SolutionGuid = {0F716299-BCEA-4693-A6F7-94CFF2640DED}
	EndGlobalSection
EndGlobal
